
Microsoft Visual Studio Solution File, Format Version 12.00
# Visual Studio 2012
Project("{FAE04EC0-301F-11D3-BF4B-00C04F79EFBC}") = "Playground.Domain", "Playground.Domain\Playground.Domain.csproj", "{3481D797-F8D3-4CB9-95AC-E522A2FE0B6B}"
EndProject
Project("{FAE04EC0-301F-11D3-BF4B-00C04F79EFBC}") = "Playground.Mvc", "Playground.Mvc\Playground.Mvc.csproj", "{34A1B464-66DD-4331-A791-D090AB07CC1D}"
EndProject
Project("{FAE04EC0-301F-11D3-BF4B-00C04F79EFBC}") = "Playground.Mvc.Tests", "Playground.Mvc.Tests\Playground.Mvc.Tests.csproj", "{0DF81AEB-1DD4-4BB3-8EB2-8D406E00A7BC}"
EndProject
Project("{FAE04EC0-301F-11D3-BF4B-00C04F79EFBC}") = "Playground.Domain.Tests", "Playground.Domain.Tests\Playground.Domain.Tests.csproj", "{8944CEA1-91FC-4065-A22D-2A98E07621DD}"
EndProject
Global
	GlobalSection(SolutionConfigurationPlatforms) = preSolution
		Debug|Any CPU = Debug|Any CPU
		Release|Any CPU = Release|Any CPU
	EndGlobalSection
	GlobalSection(ProjectConfigurationPlatforms) = postSolution
		{3481D797-F8D3-4CB9-95AC-E522A2FE0B6B}.Debug|Any CPU.ActiveCfg = Debug|Any CPU
		{3481D797-F8D3-4CB9-95AC-E522A2FE0B6B}.Debug|Any CPU.Build.0 = Debug|Any CPU
		{3481D797-F8D3-4CB9-95AC-E522A2FE0B6B}.Release|Any CPU.ActiveCfg = Release|Any CPU
		{3481D797-F8D3-4CB9-95AC-E522A2FE0B6B}.Release|Any CPU.Build.0 = Release|Any CPU
		{34A1B464-66DD-4331-A791-D090AB07CC1D}.Debug|Any CPU.ActiveCfg = Debug|Any CPU
		{34A1B464-66DD-4331-A791-D090AB07CC1D}.Debug|Any CPU.Build.0 = Debug|Any CPU
		{34A1B464-66DD-4331-A791-D090AB07CC1D}.Release|Any CPU.ActiveCfg = Release|Any CPU
		{34A1B464-66DD-4331-A791-D090AB07CC1D}.Release|Any CPU.Build.0 = Release|Any CPU
		{0DF81AEB-1DD4-4BB3-8EB2-8D406E00A7BC}.Debug|Any CPU.ActiveCfg = Debug|Any CPU
		{0DF81AEB-1DD4-4BB3-8EB2-8D406E00A7BC}.Debug|Any CPU.Build.0 = Debug|Any CPU
		{0DF81AEB-1DD4-4BB3-8EB2-8D406E00A7BC}.Release|Any CPU.ActiveCfg = Release|Any CPU
		{0DF81AEB-1DD4-4BB3-8EB2-8D406E00A7BC}.Release|Any CPU.Build.0 = Release|Any CPU
		{8944CEA1-91FC-4065-A22D-2A98E07621DD}.Debug|Any CPU.ActiveCfg = Debug|Any CPU
		{8944CEA1-91FC-4065-A22D-2A98E07621DD}.Debug|Any CPU.Build.0 = Debug|Any CPU
		{8944CEA1-91FC-4065-A22D-2A98E07621DD}.Release|Any CPU.ActiveCfg = Release|Any CPU
		{8944CEA1-91FC-4065-A22D-2A98E07621DD}.Release|Any CPU.Build.0 = Release|Any CPU
	EndGlobalSection
	GlobalSection(SolutionProperties) = preSolution
		HideSolutionNode = FALSE
	EndGlobalSection
EndGlobal
